
Microsoft Visual Studio Solution File, Format Version 12.00
# Visual Studio Version 16
VisualStudioVersion = 16.0.29709.97
MinimumVisualStudioVersion = 10.0.40219.1
Project("{FAE04EC0-301F-11D3-BF4B-00C04F79EFBC}") = "24FebPartyInvite", "24FebPartyInvite\24FebPartyInvite.csproj", "{3355EBBF-6D2C-42D4-B1B5-AA25C7F642A1}"
EndProject
Global
	GlobalSection(SolutionConfigurationPlatforms) = preSolution
		Debug|Any CPU = Debug|Any CPU
		Release|Any CPU = Release|Any CPU
	EndGlobalSection
	GlobalSection(ProjectConfigurationPlatforms) = postSolution
		{3355EBBF-6D2C-42D4-B1B5-AA25C7F642A1}.Debug|Any CPU.ActiveCfg = Debug|Any CPU
		{3355EBBF-6D2C-42D4-B1B5-AA25C7F642A1}.Debug|Any CPU.Build.0 = Debug|Any CPU
		{3355EBBF-6D2C-42D4-B1B5-AA25C7F642A1}.Release|Any CPU.ActiveCfg = Release|Any CPU
		{3355EBBF-6D2C-42D4-B1B5-AA25C7F642A1}.Release|Any CPU.Build.0 = Release|Any CPU
	EndGlobalSection
	GlobalSection(SolutionProperties) = preSolution
		HideSolutionNode = FALSE
	EndGlobalSection
	GlobalSection(ExtensibilityGlobals) = postSolution
		SolutionGuid = {D939515F-6E57-49CD-BB22-64D34CCC3239}
	EndGlobalSection
EndGlobal
