
Microsoft Visual Studio Solution File, Format Version 12.00
# Visual Studio Version 16
VisualStudioVersion = 16.0.29709.97
MinimumVisualStudioVersion = 10.0.40219.1
Project("{FAE04EC0-301F-11D3-BF4B-00C04F79EFBC}") = "EX05", "EX05\EX05.csproj", "{795F342D-E7D9-4CDE-8F7D-16235219B235}"
EndProject
Global
	GlobalSection(SolutionConfigurationPlatforms) = preSolution
		Debug|Any CPU = Debug|Any CPU
		Release|Any CPU = Release|Any CPU
	EndGlobalSection
	GlobalSection(ProjectConfigurationPlatforms) = postSolution
		{795F342D-E7D9-4CDE-8F7D-16235219B235}.Debug|Any CPU.ActiveCfg = Debug|Any CPU
		{795F342D-E7D9-4CDE-8F7D-16235219B235}.Debug|Any CPU.Build.0 = Debug|Any CPU
		{795F342D-E7D9-4CDE-8F7D-16235219B235}.Release|Any CPU.ActiveCfg = Release|Any CPU
		{795F342D-E7D9-4CDE-8F7D-16235219B235}.Release|Any CPU.Build.0 = Release|Any CPU
	EndGlobalSection
	GlobalSection(SolutionProperties) = preSolution
		HideSolutionNode = FALSE
	EndGlobalSection
	GlobalSection(ExtensibilityGlobals) = postSolution
		SolutionGuid = {C8050873-1E92-48E3-91B2-6593D1D32445}
	EndGlobalSection
EndGlobal
