
Microsoft Visual Studio Solution File, Format Version 12.00
# Visual Studio Version 16
VisualStudioVersion = 16.0.30002.166
MinimumVisualStudioVersion = 10.0.40219.1
Project("{FAE04EC0-301F-11D3-BF4B-00C04F79EFBC}") = "14Apr_IEnumerator", "14Apr_IEnumerator.csproj", "{143EFC63-4F26-401C-AAF2-FDEC6ADAFC7D}"
EndProject
Global
	GlobalSection(SolutionConfigurationPlatforms) = preSolution
		Debug|Any CPU = Debug|Any CPU
		Release|Any CPU = Release|Any CPU
	EndGlobalSection
	GlobalSection(ProjectConfigurationPlatforms) = postSolution
		{143EFC63-4F26-401C-AAF2-FDEC6ADAFC7D}.Debug|Any CPU.ActiveCfg = Debug|Any CPU
		{143EFC63-4F26-401C-AAF2-FDEC6ADAFC7D}.Debug|Any CPU.Build.0 = Debug|Any CPU
		{143EFC63-4F26-401C-AAF2-FDEC6ADAFC7D}.Release|Any CPU.ActiveCfg = Release|Any CPU
		{143EFC63-4F26-401C-AAF2-FDEC6ADAFC7D}.Release|Any CPU.Build.0 = Release|Any CPU
	EndGlobalSection
	GlobalSection(SolutionProperties) = preSolution
		HideSolutionNode = FALSE
	EndGlobalSection
	GlobalSection(ExtensibilityGlobals) = postSolution
		SolutionGuid = {2C7081F5-3A17-476A-BF09-12087B9C1399}
	EndGlobalSection
EndGlobal
