
Microsoft Visual Studio Solution File, Format Version 12.00
# Visual Studio Version 16
VisualStudioVersion = 16.0.29709.97
MinimumVisualStudioVersion = 10.0.40219.1
Project("{FAE04EC0-301F-11D3-BF4B-00C04F79EFBC}") = "OptionalParameters", "OptionalParameters.csproj", "{404A06E4-789D-4BAF-A193-E7A5960ED2E6}"
EndProject
Global
	GlobalSection(SolutionConfigurationPlatforms) = preSolution
		Debug|Any CPU = Debug|Any CPU
		Release|Any CPU = Release|Any CPU
	EndGlobalSection
	GlobalSection(ProjectConfigurationPlatforms) = postSolution
		{404A06E4-789D-4BAF-A193-E7A5960ED2E6}.Debug|Any CPU.ActiveCfg = Debug|Any CPU
		{404A06E4-789D-4BAF-A193-E7A5960ED2E6}.Debug|Any CPU.Build.0 = Debug|Any CPU
		{404A06E4-789D-4BAF-A193-E7A5960ED2E6}.Release|Any CPU.ActiveCfg = Release|Any CPU
		{404A06E4-789D-4BAF-A193-E7A5960ED2E6}.Release|Any CPU.Build.0 = Release|Any CPU
	EndGlobalSection
	GlobalSection(SolutionProperties) = preSolution
		HideSolutionNode = FALSE
	EndGlobalSection
	GlobalSection(ExtensibilityGlobals) = postSolution
		SolutionGuid = {30C539B4-27B9-41EC-AD9E-EDE3A7D2395D}
	EndGlobalSection
EndGlobal
