
Microsoft Visual Studio Solution File, Format Version 12.00
# Visual Studio Version 16
VisualStudioVersion = 16.0.29806.167
MinimumVisualStudioVersion = 10.0.40219.1
Project("{FAE04EC0-301F-11D3-BF4B-00C04F79EFBC}") = "23Mar_movie_1", "23Mar_movie_1.csproj", "{01D0F13A-BD72-433B-9C60-A546ED99C1A2}"
EndProject
Global
	GlobalSection(SolutionConfigurationPlatforms) = preSolution
		Debug|Any CPU = Debug|Any CPU
		Release|Any CPU = Release|Any CPU
	EndGlobalSection
	GlobalSection(ProjectConfigurationPlatforms) = postSolution
		{01D0F13A-BD72-433B-9C60-A546ED99C1A2}.Debug|Any CPU.ActiveCfg = Debug|Any CPU
		{01D0F13A-BD72-433B-9C60-A546ED99C1A2}.Debug|Any CPU.Build.0 = Debug|Any CPU
		{01D0F13A-BD72-433B-9C60-A546ED99C1A2}.Release|Any CPU.ActiveCfg = Release|Any CPU
		{01D0F13A-BD72-433B-9C60-A546ED99C1A2}.Release|Any CPU.Build.0 = Release|Any CPU
	EndGlobalSection
	GlobalSection(SolutionProperties) = preSolution
		HideSolutionNode = FALSE
	EndGlobalSection
	GlobalSection(ExtensibilityGlobals) = postSolution
		SolutionGuid = {81E034DA-EBE8-4D55-8D3A-AFC157A8B0F6}
	EndGlobalSection
EndGlobal
