
Microsoft Visual Studio Solution File, Format Version 12.00
# Visual Studio Version 16
VisualStudioVersion = 16.0.29709.97
MinimumVisualStudioVersion = 10.0.40219.1
Project("{FAE04EC0-301F-11D3-BF4B-00C04F79EFBC}") = "18Feb.NetWeapons", "18Feb.NetWeapons\18Feb.NetWeapons.csproj", "{EA0BA2A2-08FD-46A8-AABB-3E6ED9E1C7EF}"
EndProject
Global
	GlobalSection(SolutionConfigurationPlatforms) = preSolution
		Debug|Any CPU = Debug|Any CPU
		Release|Any CPU = Release|Any CPU
	EndGlobalSection
	GlobalSection(ProjectConfigurationPlatforms) = postSolution
		{EA0BA2A2-08FD-46A8-AABB-3E6ED9E1C7EF}.Debug|Any CPU.ActiveCfg = Debug|Any CPU
		{EA0BA2A2-08FD-46A8-AABB-3E6ED9E1C7EF}.Debug|Any CPU.Build.0 = Debug|Any CPU
		{EA0BA2A2-08FD-46A8-AABB-3E6ED9E1C7EF}.Release|Any CPU.ActiveCfg = Release|Any CPU
		{EA0BA2A2-08FD-46A8-AABB-3E6ED9E1C7EF}.Release|Any CPU.Build.0 = Release|Any CPU
	EndGlobalSection
	GlobalSection(SolutionProperties) = preSolution
		HideSolutionNode = FALSE
	EndGlobalSection
	GlobalSection(ExtensibilityGlobals) = postSolution
		SolutionGuid = {E8CD7F81-9962-4B34-8BA8-AC90769152A8}
	EndGlobalSection
EndGlobal
