
Microsoft Visual Studio Solution File, Format Version 12.00
# Visual Studio Version 16
VisualStudioVersion = 16.0.29709.97
MinimumVisualStudioVersion = 10.0.40219.1
Project("{FAE04EC0-301F-11D3-BF4B-00C04F79EFBC}") = "04Feb.NET", "04Feb.NET\04Feb.NET.csproj", "{1824E0BB-911A-4587-ACA4-0983E11DC941}"
EndProject
Global
	GlobalSection(SolutionConfigurationPlatforms) = preSolution
		Debug|Any CPU = Debug|Any CPU
		Release|Any CPU = Release|Any CPU
	EndGlobalSection
	GlobalSection(ProjectConfigurationPlatforms) = postSolution
		{1824E0BB-911A-4587-ACA4-0983E11DC941}.Debug|Any CPU.ActiveCfg = Debug|Any CPU
		{1824E0BB-911A-4587-ACA4-0983E11DC941}.Debug|Any CPU.Build.0 = Debug|Any CPU
		{1824E0BB-911A-4587-ACA4-0983E11DC941}.Release|Any CPU.ActiveCfg = Release|Any CPU
		{1824E0BB-911A-4587-ACA4-0983E11DC941}.Release|Any CPU.Build.0 = Release|Any CPU
	EndGlobalSection
	GlobalSection(SolutionProperties) = preSolution
		HideSolutionNode = FALSE
	EndGlobalSection
	GlobalSection(ExtensibilityGlobals) = postSolution
		SolutionGuid = {98CD72A3-109C-43EE-9609-92CA8E14D64C}
	EndGlobalSection
EndGlobal
