
Microsoft Visual Studio Solution File, Format Version 12.00
# Visual Studio Version 16
VisualStudioVersion = 16.0.29709.97
MinimumVisualStudioVersion = 10.0.40219.1
Project("{FAE04EC0-301F-11D3-BF4B-00C04F79EFBC}") = "25Feb_Overloading_Overriding", "25Feb\25Feb_Overloading_Overriding.csproj", "{0A448F08-2B37-416D-BB81-A2562857CAB5}"
EndProject
Global
	GlobalSection(SolutionConfigurationPlatforms) = preSolution
		Debug|Any CPU = Debug|Any CPU
		Release|Any CPU = Release|Any CPU
	EndGlobalSection
	GlobalSection(ProjectConfigurationPlatforms) = postSolution
		{0A448F08-2B37-416D-BB81-A2562857CAB5}.Debug|Any CPU.ActiveCfg = Debug|Any CPU
		{0A448F08-2B37-416D-BB81-A2562857CAB5}.Debug|Any CPU.Build.0 = Debug|Any CPU
		{0A448F08-2B37-416D-BB81-A2562857CAB5}.Release|Any CPU.ActiveCfg = Release|Any CPU
		{0A448F08-2B37-416D-BB81-A2562857CAB5}.Release|Any CPU.Build.0 = Release|Any CPU
	EndGlobalSection
	GlobalSection(SolutionProperties) = preSolution
		HideSolutionNode = FALSE
	EndGlobalSection
	GlobalSection(ExtensibilityGlobals) = postSolution
		SolutionGuid = {56DABC94-E2A3-4B03-BBE6-B312AFD1C123}
	EndGlobalSection
EndGlobal
